
Microsoft Visual Studio Solution File, Format Version 12.00
# Visual Studio Version 17
VisualStudioVersion = 17.4.33213.308
MinimumVisualStudioVersion = 10.0.40219.1
Project("{FAE04EC0-301F-11D3-BF4B-00C04F79EFBC}") = "MediatR.Sample", "MediatR.Sample\MediatR.Sample.csproj", "{8990565E-0901-4ECA-A038-727A8F3E9C7B}"
EndProject
Global
	GlobalSection(SolutionConfigurationPlatforms) = preSolution
		Debug|Any CPU = Debug|Any CPU
		Release|Any CPU = Release|Any CPU
	EndGlobalSection
	GlobalSection(ProjectConfigurationPlatforms) = postSolution
		{8990565E-0901-4ECA-A038-727A8F3E9C7B}.Debug|Any CPU.ActiveCfg = Debug|Any CPU
		{8990565E-0901-4ECA-A038-727A8F3E9C7B}.Debug|Any CPU.Build.0 = Debug|Any CPU
		{8990565E-0901-4ECA-A038-727A8F3E9C7B}.Release|Any CPU.ActiveCfg = Release|Any CPU
		{8990565E-0901-4ECA-A038-727A8F3E9C7B}.Release|Any CPU.Build.0 = Release|Any CPU
	EndGlobalSection
	GlobalSection(SolutionProperties) = preSolution
		HideSolutionNode = FALSE
	EndGlobalSection
	GlobalSection(ExtensibilityGlobals) = postSolution
		SolutionGuid = {225100CC-EAC1-4767-B648-9FC37E7452B0}
	EndGlobalSection
EndGlobal
